
Microsoft Visual Studio Solution File, Format Version 12.00
# Visual Studio Version 16
VisualStudioVersion = 16.0.31112.23
MinimumVisualStudioVersion = 10.0.40219.1
Project("{FAE04EC0-301F-11D3-BF4B-00C04F79EFBC}") = "X_WIW_St.Android", "X_WIW_St\X_WIW_St.Android\X_WIW_St.Android.csproj", "{DB914DF4-C750-4D22-8578-F7120FBE6584}"
EndProject
Project("{FAE04EC0-301F-11D3-BF4B-00C04F79EFBC}") = "X_WIW_St", "X_WIW_St\X_WIW_St\X_WIW_St.csproj", "{04683C40-EE31-4F4A-BCBB-96EAFE07737A}"
EndProject
Global
	GlobalSection(SolutionConfigurationPlatforms) = preSolution
		Debug|Any CPU = Debug|Any CPU
		Release|Any CPU = Release|Any CPU
	EndGlobalSection
	GlobalSection(ProjectConfigurationPlatforms) = postSolution
		{DB914DF4-C750-4D22-8578-F7120FBE6584}.Debug|Any CPU.ActiveCfg = Debug|Any CPU
		{DB914DF4-C750-4D22-8578-F7120FBE6584}.Debug|Any CPU.Build.0 = Debug|Any CPU
		{DB914DF4-C750-4D22-8578-F7120FBE6584}.Debug|Any CPU.Deploy.0 = Debug|Any CPU
		{DB914DF4-C750-4D22-8578-F7120FBE6584}.Release|Any CPU.ActiveCfg = Release|Any CPU
		{DB914DF4-C750-4D22-8578-F7120FBE6584}.Release|Any CPU.Build.0 = Release|Any CPU
		{DB914DF4-C750-4D22-8578-F7120FBE6584}.Release|Any CPU.Deploy.0 = Release|Any CPU
		{04683C40-EE31-4F4A-BCBB-96EAFE07737A}.Debug|Any CPU.ActiveCfg = Debug|Any CPU
		{04683C40-EE31-4F4A-BCBB-96EAFE07737A}.Debug|Any CPU.Build.0 = Debug|Any CPU
		{04683C40-EE31-4F4A-BCBB-96EAFE07737A}.Debug|Any CPU.Deploy.0 = Debug|Any CPU
		{04683C40-EE31-4F4A-BCBB-96EAFE07737A}.Release|Any CPU.ActiveCfg = Release|Any CPU
		{04683C40-EE31-4F4A-BCBB-96EAFE07737A}.Release|Any CPU.Build.0 = Release|Any CPU
		{04683C40-EE31-4F4A-BCBB-96EAFE07737A}.Release|Any CPU.Deploy.0 = Release|Any CPU
	EndGlobalSection
	GlobalSection(SolutionProperties) = preSolution
		HideSolutionNode = FALSE
	EndGlobalSection
	GlobalSection(ExtensibilityGlobals) = postSolution
		SolutionGuid = {89852B95-AC45-40FC-BC87-D55663298B8A}
	EndGlobalSection
EndGlobal
